<?xml version="1.0" encoding="utf-8"?>
<Project ToolsVersion="4.0" xmlns="http://schemas.microsoft.com/developer/msbuild/2003">
  <ItemGroup>
    <Filter Include="source">
      <UniqueIdentifier>{6db68314-c93b-479f-bc71-9122cfcd1a5c}</UniqueIdentifier>
    </Filter>
  </ItemGroup>
  <ItemGroup>
    <ClCompile Include="coin.cpp">
      <Filter>source</Filter>
    </ClCompile>
  </ItemGroup>
</Project>