<?xml version="1.0" encoding="utf-8"?>
<Project ToolsVersion="4.0" xmlns="http://schemas.microsoft.com/developer/msbuild/2003">
  <ItemGroup>
    <Filter Include="source">
      <UniqueIdentifier>{6db68314-c93b-479f-bc71-9122cfcd1a5c}</UniqueIdentifier>
    </Filter>
  </ItemGroup>
  <ItemGroup>
    <ClCompile Include="coin.h">
      <Filter>source</Filter>
    </ClCompile>
    <ClCompile Include="source\problem3_1.h">
      <Filter>source</Filter>
    </ClCompile>
    <ClCompile Include="source\problem3_2.h">
      <Filter>source</Filter>
    </ClCompile>
    <ClCompile Include="source\problem3_3.h">
      <Filter>source</Filter>
    </ClCompile>
    <ClCompile Include="main.cpp">
      <Filter>source</Filter>
    </ClCompile>
  </ItemGroup>
</Project>